{
    "_meta": {
        "hash": {
            "sha256": "3835eeabe65e9d13177fdfe50cf32633d08ad7ec07974d195a76c37b2a4df8f1"
        },
        "pipfile-spec": 6,
        "requires": {
            "python_version": "3.7"
        },
        "sources": [
            {
                "name": "pypi",
                "url": "https://pypi.org/simple",
                "verify_ssl": true
            }
        ]
    },
    "default": {
        "beautifulsoup4": {
            "hashes": [
                "sha256:034740f6cb549b4e932ae1ab975581e6103ac8f942200a0e9759065984391858",
                "sha256:945065979fb8529dd2f37dbb58f00b661bdbcbebf954f93b32fdf5263ef35348",
                "sha256:ba6d5c59906a85ac23dadfe5c88deaf3e179ef565f4898671253e50a78680718"
            ],
            "index": "pypi",
            "version": "==4.7.1"
        },
        "soupsieve": {
            "hashes": [
                "sha256:3aef141566afd07201b525c17bfaadd07580a8066f82b57f7c9417f26adbd0a3",
                "sha256:e41a65e99bd125972d84221022beb1e4b5cfc68fa12c170c39834ce32d1b294c"
            ],
            "version": "==1.9"
        }
    },
    "develop": {}
}
